
Microsoft Visual Studio Solution File, Format Version 12.00
# Visual Studio Version 17
VisualStudioVersion = 17.7.34302.85
MinimumVisualStudioVersion = 10.0.40219.1
Project("{9A19103F-16F7-4668-BE54-9A1E7A4F7556}") = "ScheduleBlenderWebApp", "ScheduleBlenderWebApp.csproj", "{9732A9AA-76CE-4B01-92A0-9693E4BC03BB}"
EndProject
Project("{9A19103F-16F7-4668-BE54-9A1E7A4F7556}") = "DataCalculationLibrary2", "..\..\PoE_Part2\Part 2\DataCalculationLibrary2\DataCalculationLibrary2.csproj", "{FA7F028F-31A1-4C51-841F-5910D0AEE9D0}"
EndProject
Global
	GlobalSection(SolutionConfigurationPlatforms) = preSolution
		Debug|Any CPU = Debug|Any CPU
		Release|Any CPU = Release|Any CPU
	EndGlobalSection
	GlobalSection(ProjectConfigurationPlatforms) = postSolution
		{9732A9AA-76CE-4B01-92A0-9693E4BC03BB}.Debug|Any CPU.ActiveCfg = Debug|Any CPU
		{9732A9AA-76CE-4B01-92A0-9693E4BC03BB}.Debug|Any CPU.Build.0 = Debug|Any CPU
		{9732A9AA-76CE-4B01-92A0-9693E4BC03BB}.Release|Any CPU.ActiveCfg = Release|Any CPU
		{9732A9AA-76CE-4B01-92A0-9693E4BC03BB}.Release|Any CPU.Build.0 = Release|Any CPU
		{FA7F028F-31A1-4C51-841F-5910D0AEE9D0}.Debug|Any CPU.ActiveCfg = Debug|Any CPU
		{FA7F028F-31A1-4C51-841F-5910D0AEE9D0}.Debug|Any CPU.Build.0 = Debug|Any CPU
		{FA7F028F-31A1-4C51-841F-5910D0AEE9D0}.Release|Any CPU.ActiveCfg = Release|Any CPU
		{FA7F028F-31A1-4C51-841F-5910D0AEE9D0}.Release|Any CPU.Build.0 = Release|Any CPU
	EndGlobalSection
	GlobalSection(SolutionProperties) = preSolution
		HideSolutionNode = FALSE
	EndGlobalSection
	GlobalSection(ExtensibilityGlobals) = postSolution
		SolutionGuid = {9458DAE7-1EAC-404B-AE82-56E06CB69989}
	EndGlobalSection
EndGlobal
